lockfileVersion: '9.0'

settings:
  autoInstallPeers: true
  excludeLinksFromLockfile: false

importers:

  .:
    dependencies:
      '@playwright/test':
        specifier: ^1.45.3
        version: 1.45.3
    devDependencies:
      playwright:
        specifier: ^1.45.3
        version: 1.45.3

packages:

  '@playwright/test@1.45.3':
    resolution: {integrity: sha512-UKF4XsBfy+u3MFWEH44hva1Q8Da28G6RFtR2+5saw+jgAFQV5yYnB1fu68Mz7fO+5GJF3wgwAIs0UelU8TxFrA==}
    engines: {node: '>=18'}
    hasBin: true

  fsevents@2.3.2:
    resolution: {integrity: sha512-xiqMQR4xAeHTuB9uWm+fFRcIOgKBMiOBP+eXiyT7jsgVCq1bkVygt00oASowB7EdtpOHaaPgKt812P9ab+DDKA==}
    engines: {node: ^8.16.0 || ^10.6.0 || >=11.0.0}
    os: [darwin]

  playwright-core@1.45.3:
    resolution: {integrity: sha512-+ym0jNbcjikaOwwSZycFbwkWgfruWvYlJfThKYAlImbxUgdWFO2oW70ojPm4OpE4t6TAo2FY/smM+hpVTtkhDA==}
    engines: {node: '>=18'}
    hasBin: true

  playwright@1.45.3:
    resolution: {integrity: sha512-QhVaS+lpluxCaioejDZ95l4Y4jSFCsBvl2UZkpeXlzxmqS+aABr5c82YmfMHrL6x27nvrvykJAFpkzT2eWdJww==}
    engines: {node: '>=18'}
    hasBin: true

snapshots:

  '@playwright/test@1.45.3':
    dependencies:
      playwright: 1.45.3

  fsevents@2.3.2:
    optional: true

  playwright-core@1.45.3: {}

  playwright@1.45.3:
    dependencies:
      playwright-core: 1.45.3
    optionalDependencies:
      fsevents: 2.3.2
