lockfileVersion: '6.0'

dependencies:
  '@playwright/test':
    specifier: ^1.34.3
    version: 1.34.3

devDependencies:
  playwright:
    specifier: ^1.34.3
    version: 1.34.3

packages:

  /@playwright/test@1.34.3:
    resolution: {integrity: sha512-zPLef6w9P6T/iT6XDYG3mvGOqOyb6eHaV9XtkunYs0+OzxBtrPAAaHotc0X+PJ00WPPnLfFBTl7mf45Mn8DBmw==}
    engines: {node: '>=14'}
    hasBin: true
    dependencies:
      '@types/node': 20.2.5
      playwright-core: 1.34.3
    optionalDependencies:
      fsevents: 2.3.2
    dev: false

  /@types/node@20.2.5:
    resolution: {integrity: sha512-JJulVEQXmiY9Px5axXHeYGLSjhkZEnD+MDPDGbCbIAbMslkKwmygtZFy1X6s/075Yo94sf8GuSlFfPzysQrWZQ==}
    dev: false

  /fsevents@2.3.2:
    resolution: {integrity: sha512-xiqMQR4xAeHTuB9uWm+fFRcIOgKBMiOBP+eXiyT7jsgVCq1bkVygt00oASowB7EdtpOHaaPgKt812P9ab+DDKA==}
    engines: {node: ^8.16.0 || ^10.6.0 || >=11.0.0}
    os: [darwin]
    requiresBuild: true
    dev: false
    optional: true

  /playwright-core@1.34.3:
    resolution: {integrity: sha512-2pWd6G7OHKemc5x1r1rp8aQcpvDh7goMBZlJv6Co5vCNLVcQJdhxRL09SGaY6HcyHH9aT4tiynZabMofVasBYw==}
    engines: {node: '>=14'}
    hasBin: true

  /playwright@1.34.3:
    resolution: {integrity: sha512-UOOVE4ZbGfGkP1KVqWTdXOmm8Pw2pBhfbmlqKMkpiRCQjL5W+J+xRQXpgutFr0iM4pWl8g0GyyASMsqjQfFohw==}
    engines: {node: '>=14'}
    hasBin: true
    requiresBuild: true
    dependencies:
      playwright-core: 1.34.3
    dev: true
